
Microsoft Visual Studio Solution File, Format Version 12.00
# Visual Studio Version 16
Project("{2150E333-8FDC-42A3-9474-1A3956D46DE8}") = "CMakePredefinedTargets", "CMakePredefinedTargets", "{93B45F13-59E9-3B49-B738-89218EB0530D}"
EndProject
Project("{2150E333-8FDC-42A3-9474-1A3956D46DE8}") = "JUNK", "JUNK", "{281D05A5-B56E-36F3-AD1A-EBBFD7D04FB8}"
EndProject
Project("{8BC9CEB8-8B4A-11D0-8D11-00A0C91BC942}") = "ALL_BUILD", "ALL_BUILD.vcxproj", "{7859FCF9-01C4-350B-B4FF-599FE899BE8E}"
	ProjectSection(ProjectDependencies) = postProject
		{F695EC0B-F41A-3835-BF05-842A4E1CD6CB} = {F695EC0B-F41A-3835-BF05-842A4E1CD6CB}
		{13AB3C2C-740E-324B-929D-23A8676383CC} = {13AB3C2C-740E-324B-929D-23A8676383CC}
		{38953A70-C93A-3A95-862A-3566200DBCBD} = {38953A70-C93A-3A95-862A-3566200DBCBD}
	EndProjectSection
EndProject
Project("{8BC9CEB8-8B4A-11D0-8D11-00A0C91BC942}") = "INSTALL", "INSTALL.vcxproj", "{0530FE9D-2752-317A-B881-F7A65191AD84}"
	ProjectSection(ProjectDependencies) = postProject
		{7859FCF9-01C4-350B-B4FF-599FE899BE8E} = {7859FCF9-01C4-350B-B4FF-599FE899BE8E}
		{F695EC0B-F41A-3835-BF05-842A4E1CD6CB} = {F695EC0B-F41A-3835-BF05-842A4E1CD6CB}
	EndProjectSection
EndProject
Project("{8BC9CEB8-8B4A-11D0-8D11-00A0C91BC942}") = "ZERO_CHECK", "..\..\..\\ZERO_CHECK.vcxproj", "{F695EC0B-F41A-3835-BF05-842A4E1CD6CB}"
	ProjectSection(ProjectDependencies) = postProject
	EndProjectSection
EndProject
Project("{8BC9CEB8-8B4A-11D0-8D11-00A0C91BC942}") = "glm_shared", "glm\glm_shared.vcxproj", "{13AB3C2C-740E-324B-929D-23A8676383CC}"
	ProjectSection(ProjectDependencies) = postProject
		{F695EC0B-F41A-3835-BF05-842A4E1CD6CB} = {F695EC0B-F41A-3835-BF05-842A4E1CD6CB}
	EndProjectSection
EndProject
Project("{8BC9CEB8-8B4A-11D0-8D11-00A0C91BC942}") = "glm_static", "glm\glm_static.vcxproj", "{38953A70-C93A-3A95-862A-3566200DBCBD}"
	ProjectSection(ProjectDependencies) = postProject
		{F695EC0B-F41A-3835-BF05-842A4E1CD6CB} = {F695EC0B-F41A-3835-BF05-842A4E1CD6CB}
	EndProjectSection
EndProject
Project("{8BC9CEB8-8B4A-11D0-8D11-00A0C91BC942}") = "uninstall", "uninstall.vcxproj", "{EA84160E-BD6F-309E-B39B-C3F66EBC0447}"
	ProjectSection(ProjectDependencies) = postProject
		{F695EC0B-F41A-3835-BF05-842A4E1CD6CB} = {F695EC0B-F41A-3835-BF05-842A4E1CD6CB}
	EndProjectSection
EndProject
Global
	GlobalSection(SolutionConfigurationPlatforms) = preSolution
		Debug|x64 = Debug|x64
		Release|x64 = Release|x64
		MinSizeRel|x64 = MinSizeRel|x64
		RelWithDebInfo|x64 = RelWithDebInfo|x64
	EndGlobalSection
	GlobalSection(ProjectConfigurationPlatforms) = postSolution
		{7859FCF9-01C4-350B-B4FF-599FE899BE8E}.Debug|x64.ActiveCfg = Debug|x64
		{7859FCF9-01C4-350B-B4FF-599FE899BE8E}.Debug|x64.Build.0 = Debug|x64
		{7859FCF9-01C4-350B-B4FF-599FE899BE8E}.Release|x64.ActiveCfg = Release|x64
		{7859FCF9-01C4-350B-B4FF-599FE899BE8E}.Release|x64.Build.0 = Release|x64
		{7859FCF9-01C4-350B-B4FF-599FE899BE8E}.MinSizeRel|x64.ActiveCfg = MinSizeRel|x64
		{7859FCF9-01C4-350B-B4FF-599FE899BE8E}.MinSizeRel|x64.Build.0 = MinSizeRel|x64
		{7859FCF9-01C4-350B-B4FF-599FE899BE8E}.RelWithDebInfo|x64.ActiveCfg = RelWithDebInfo|x64
		{7859FCF9-01C4-350B-B4FF-599FE899BE8E}.RelWithDebInfo|x64.Build.0 = RelWithDebInfo|x64
		{0530FE9D-2752-317A-B881-F7A65191AD84}.Debug|x64.ActiveCfg = Debug|x64
		{0530FE9D-2752-317A-B881-F7A65191AD84}.Release|x64.ActiveCfg = Release|x64
		{0530FE9D-2752-317A-B881-F7A65191AD84}.MinSizeRel|x64.ActiveCfg = MinSizeRel|x64
		{0530FE9D-2752-317A-B881-F7A65191AD84}.RelWithDebInfo|x64.ActiveCfg = RelWithDebInfo|x64
		{F695EC0B-F41A-3835-BF05-842A4E1CD6CB}.Debug|x64.ActiveCfg = Debug|x64
		{F695EC0B-F41A-3835-BF05-842A4E1CD6CB}.Debug|x64.Build.0 = Debug|x64
		{F695EC0B-F41A-3835-BF05-842A4E1CD6CB}.Release|x64.ActiveCfg = Release|x64
		{F695EC0B-F41A-3835-BF05-842A4E1CD6CB}.Release|x64.Build.0 = Release|x64
		{F695EC0B-F41A-3835-BF05-842A4E1CD6CB}.MinSizeRel|x64.ActiveCfg = MinSizeRel|x64
		{F695EC0B-F41A-3835-BF05-842A4E1CD6CB}.MinSizeRel|x64.Build.0 = MinSizeRel|x64
		{F695EC0B-F41A-3835-BF05-842A4E1CD6CB}.RelWithDebInfo|x64.ActiveCfg = RelWithDebInfo|x64
		{F695EC0B-F41A-3835-BF05-842A4E1CD6CB}.RelWithDebInfo|x64.Build.0 = RelWithDebInfo|x64
		{13AB3C2C-740E-324B-929D-23A8676383CC}.Debug|x64.ActiveCfg = Debug|x64
		{13AB3C2C-740E-324B-929D-23A8676383CC}.Debug|x64.Build.0 = Debug|x64
		{13AB3C2C-740E-324B-929D-23A8676383CC}.Release|x64.ActiveCfg = Release|x64
		{13AB3C2C-740E-324B-929D-23A8676383CC}.Release|x64.Build.0 = Release|x64
		{13AB3C2C-740E-324B-929D-23A8676383CC}.MinSizeRel|x64.ActiveCfg = MinSizeRel|x64
		{13AB3C2C-740E-324B-929D-23A8676383CC}.MinSizeRel|x64.Build.0 = MinSizeRel|x64
		{13AB3C2C-740E-324B-929D-23A8676383CC}.RelWithDebInfo|x64.ActiveCfg = RelWithDebInfo|x64
		{13AB3C2C-740E-324B-929D-23A8676383CC}.RelWithDebInfo|x64.Build.0 = RelWithDebInfo|x64
		{38953A70-C93A-3A95-862A-3566200DBCBD}.Debug|x64.ActiveCfg = Debug|x64
		{38953A70-C93A-3A95-862A-3566200DBCBD}.Debug|x64.Build.0 = Debug|x64
		{38953A70-C93A-3A95-862A-3566200DBCBD}.Release|x64.ActiveCfg = Release|x64
		{38953A70-C93A-3A95-862A-3566200DBCBD}.Release|x64.Build.0 = Release|x64
		{38953A70-C93A-3A95-862A-3566200DBCBD}.MinSizeRel|x64.ActiveCfg = MinSizeRel|x64
		{38953A70-C93A-3A95-862A-3566200DBCBD}.MinSizeRel|x64.Build.0 = MinSizeRel|x64
		{38953A70-C93A-3A95-862A-3566200DBCBD}.RelWithDebInfo|x64.ActiveCfg = RelWithDebInfo|x64
		{38953A70-C93A-3A95-862A-3566200DBCBD}.RelWithDebInfo|x64.Build.0 = RelWithDebInfo|x64
		{EA84160E-BD6F-309E-B39B-C3F66EBC0447}.Debug|x64.ActiveCfg = Debug|x64
		{EA84160E-BD6F-309E-B39B-C3F66EBC0447}.Release|x64.ActiveCfg = Release|x64
		{EA84160E-BD6F-309E-B39B-C3F66EBC0447}.MinSizeRel|x64.ActiveCfg = MinSizeRel|x64
		{EA84160E-BD6F-309E-B39B-C3F66EBC0447}.RelWithDebInfo|x64.ActiveCfg = RelWithDebInfo|x64
	EndGlobalSection
	GlobalSection(NestedProjects) = preSolution
		{7859FCF9-01C4-350B-B4FF-599FE899BE8E} = {93B45F13-59E9-3B49-B738-89218EB0530D}
		{0530FE9D-2752-317A-B881-F7A65191AD84} = {93B45F13-59E9-3B49-B738-89218EB0530D}
		{F695EC0B-F41A-3835-BF05-842A4E1CD6CB} = {93B45F13-59E9-3B49-B738-89218EB0530D}
		{13AB3C2C-740E-324B-929D-23A8676383CC} = {281D05A5-B56E-36F3-AD1A-EBBFD7D04FB8}
		{38953A70-C93A-3A95-862A-3566200DBCBD} = {281D05A5-B56E-36F3-AD1A-EBBFD7D04FB8}
		{EA84160E-BD6F-309E-B39B-C3F66EBC0447} = {281D05A5-B56E-36F3-AD1A-EBBFD7D04FB8}
	EndGlobalSection
	GlobalSection(ExtensibilityGlobals) = postSolution
		SolutionGuid = {BD3BAD5F-4666-355B-8ECF-864A633AC606}
	EndGlobalSection
	GlobalSection(ExtensibilityAddIns) = postSolution
	EndGlobalSection
EndGlobal
