
Microsoft Visual Studio Solution File, Format Version 12.00
# Visual Studio Version 16
Project("{2150E333-8FDC-42A3-9474-1A3956D46DE8}") = "CMakePredefinedTargets", "CMakePredefinedTargets", "{93B45F13-59E9-3B49-B738-89218EB0530D}"
EndProject
Project("{2150E333-8FDC-42A3-9474-1A3956D46DE8}") = "DEPS", "DEPS", "{D48A49C8-31BD-3270-9EBE-513CCE4D64FC}"
EndProject
Project("{2150E333-8FDC-42A3-9474-1A3956D46DE8}") = "JUNK", "JUNK", "{281D05A5-B56E-36F3-AD1A-EBBFD7D04FB8}"
EndProject
Project("{8BC9CEB8-8B4A-11D0-8D11-00A0C91BC942}") = "ALL_BUILD", "ALL_BUILD.vcxproj", "{7859FCF9-01C4-350B-B4FF-599FE899BE8E}"
	ProjectSection(ProjectDependencies) = postProject
		{975A9167-8EEE-3611-A583-E3F0FED5C736} = {975A9167-8EEE-3611-A583-E3F0FED5C736}
		{F695EC0B-F41A-3835-BF05-842A4E1CD6CB} = {F695EC0B-F41A-3835-BF05-842A4E1CD6CB}
		{38959EBA-B2C4-363C-B3D5-92A5EC9E0638} = {38959EBA-B2C4-363C-B3D5-92A5EC9E0638}
		{464394FC-41AF-3B5D-94EB-0CCBBF43C879} = {464394FC-41AF-3B5D-94EB-0CCBBF43C879}
		{1D0DDA7A-FD85-3EDC-AA34-94A8465363B9} = {1D0DDA7A-FD85-3EDC-AA34-94A8465363B9}
		{839036E9-6472-377C-B8EF-6B3D26A7F08A} = {839036E9-6472-377C-B8EF-6B3D26A7F08A}
		{258E4BE1-2E37-3D67-947A-019E8E571207} = {258E4BE1-2E37-3D67-947A-019E8E571207}
		{13AB3C2C-740E-324B-929D-23A8676383CC} = {13AB3C2C-740E-324B-929D-23A8676383CC}
		{38953A70-C93A-3A95-862A-3566200DBCBD} = {38953A70-C93A-3A95-862A-3566200DBCBD}
		{801DE519-E6DA-37F8-9E9E-765CD9E0A0B3} = {801DE519-E6DA-37F8-9E9E-765CD9E0A0B3}
		{F06EC9AF-2659-32AF-BFA8-ED194CAB4480} = {F06EC9AF-2659-32AF-BFA8-ED194CAB4480}
		{1CEFE834-CFF8-3D7E-9B50-2F163FF8EAB2} = {1CEFE834-CFF8-3D7E-9B50-2F163FF8EAB2}
	EndProjectSection
EndProject
Project("{8BC9CEB8-8B4A-11D0-8D11-00A0C91BC942}") = "INSTALL", "INSTALL.vcxproj", "{0530FE9D-2752-317A-B881-F7A65191AD84}"
	ProjectSection(ProjectDependencies) = postProject
		{7859FCF9-01C4-350B-B4FF-599FE899BE8E} = {7859FCF9-01C4-350B-B4FF-599FE899BE8E}
		{F695EC0B-F41A-3835-BF05-842A4E1CD6CB} = {F695EC0B-F41A-3835-BF05-842A4E1CD6CB}
	EndProjectSection
EndProject
Project("{8BC9CEB8-8B4A-11D0-8D11-00A0C91BC942}") = "IrrXML", "framework_build\lib\assimp\contrib\irrXML\IrrXML.vcxproj", "{975A9167-8EEE-3611-A583-E3F0FED5C736}"
	ProjectSection(ProjectDependencies) = postProject
		{F695EC0B-F41A-3835-BF05-842A4E1CD6CB} = {F695EC0B-F41A-3835-BF05-842A4E1CD6CB}
	EndProjectSection
EndProject
Project("{8BC9CEB8-8B4A-11D0-8D11-00A0C91BC942}") = "UpdateAssimpLibsDebugSymbolsAndDLLs", "framework_build\lib\assimp\UpdateAssimpLibsDebugSymbolsAndDLLs.vcxproj", "{7ECBEA4E-F082-392D-9FEB-B6EA0CC896E0}"
	ProjectSection(ProjectDependencies) = postProject
		{F695EC0B-F41A-3835-BF05-842A4E1CD6CB} = {F695EC0B-F41A-3835-BF05-842A4E1CD6CB}
	EndProjectSection
EndProject
Project("{8BC9CEB8-8B4A-11D0-8D11-00A0C91BC942}") = "ZERO_CHECK", "ZERO_CHECK.vcxproj", "{F695EC0B-F41A-3835-BF05-842A4E1CD6CB}"
	ProjectSection(ProjectDependencies) = postProject
	EndProjectSection
EndProject
Project("{8BC9CEB8-8B4A-11D0-8D11-00A0C91BC942}") = "assimp", "framework_build\lib\assimp\code\assimp.vcxproj", "{38959EBA-B2C4-363C-B3D5-92A5EC9E0638}"
	ProjectSection(ProjectDependencies) = postProject
		{975A9167-8EEE-3611-A583-E3F0FED5C736} = {975A9167-8EEE-3611-A583-E3F0FED5C736}
		{F695EC0B-F41A-3835-BF05-842A4E1CD6CB} = {F695EC0B-F41A-3835-BF05-842A4E1CD6CB}
		{1CEFE834-CFF8-3D7E-9B50-2F163FF8EAB2} = {1CEFE834-CFF8-3D7E-9B50-2F163FF8EAB2}
	EndProjectSection
EndProject
Project("{8BC9CEB8-8B4A-11D0-8D11-00A0C91BC942}") = "copy_resources", "copy_resources.vcxproj", "{464394FC-41AF-3B5D-94EB-0CCBBF43C879}"
	ProjectSection(ProjectDependencies) = postProject
		{F695EC0B-F41A-3835-BF05-842A4E1CD6CB} = {F695EC0B-F41A-3835-BF05-842A4E1CD6CB}
	EndProjectSection
EndProject
Project("{8BC9CEB8-8B4A-11D0-8D11-00A0C91BC942}") = "coursework", "coursework.vcxproj", "{1D0DDA7A-FD85-3EDC-AA34-94A8465363B9}"
	ProjectSection(ProjectDependencies) = postProject
		{975A9167-8EEE-3611-A583-E3F0FED5C736} = {975A9167-8EEE-3611-A583-E3F0FED5C736}
		{F695EC0B-F41A-3835-BF05-842A4E1CD6CB} = {F695EC0B-F41A-3835-BF05-842A4E1CD6CB}
		{38959EBA-B2C4-363C-B3D5-92A5EC9E0638} = {38959EBA-B2C4-363C-B3D5-92A5EC9E0638}
		{464394FC-41AF-3B5D-94EB-0CCBBF43C879} = {464394FC-41AF-3B5D-94EB-0CCBBF43C879}
		{839036E9-6472-377C-B8EF-6B3D26A7F08A} = {839036E9-6472-377C-B8EF-6B3D26A7F08A}
		{258E4BE1-2E37-3D67-947A-019E8E571207} = {258E4BE1-2E37-3D67-947A-019E8E571207}
		{801DE519-E6DA-37F8-9E9E-765CD9E0A0B3} = {801DE519-E6DA-37F8-9E9E-765CD9E0A0B3}
		{1CEFE834-CFF8-3D7E-9B50-2F163FF8EAB2} = {1CEFE834-CFF8-3D7E-9B50-2F163FF8EAB2}
	EndProjectSection
EndProject
Project("{8BC9CEB8-8B4A-11D0-8D11-00A0C91BC942}") = "enu_graphics_framework", "framework_build\enu_graphics_framework.vcxproj", "{839036E9-6472-377C-B8EF-6B3D26A7F08A}"
	ProjectSection(ProjectDependencies) = postProject
		{975A9167-8EEE-3611-A583-E3F0FED5C736} = {975A9167-8EEE-3611-A583-E3F0FED5C736}
		{F695EC0B-F41A-3835-BF05-842A4E1CD6CB} = {F695EC0B-F41A-3835-BF05-842A4E1CD6CB}
		{38959EBA-B2C4-363C-B3D5-92A5EC9E0638} = {38959EBA-B2C4-363C-B3D5-92A5EC9E0638}
		{258E4BE1-2E37-3D67-947A-019E8E571207} = {258E4BE1-2E37-3D67-947A-019E8E571207}
		{801DE519-E6DA-37F8-9E9E-765CD9E0A0B3} = {801DE519-E6DA-37F8-9E9E-765CD9E0A0B3}
		{1CEFE834-CFF8-3D7E-9B50-2F163FF8EAB2} = {1CEFE834-CFF8-3D7E-9B50-2F163FF8EAB2}
	EndProjectSection
EndProject
Project("{8BC9CEB8-8B4A-11D0-8D11-00A0C91BC942}") = "glfw", "framework_build\lib\glfw\src\glfw.vcxproj", "{258E4BE1-2E37-3D67-947A-019E8E571207}"
	ProjectSection(ProjectDependencies) = postProject
		{F695EC0B-F41A-3835-BF05-842A4E1CD6CB} = {F695EC0B-F41A-3835-BF05-842A4E1CD6CB}
	EndProjectSection
EndProject
Project("{8BC9CEB8-8B4A-11D0-8D11-00A0C91BC942}") = "glm_shared", "framework_build\lib\glm\glm\glm_shared.vcxproj", "{13AB3C2C-740E-324B-929D-23A8676383CC}"
	ProjectSection(ProjectDependencies) = postProject
		{F695EC0B-F41A-3835-BF05-842A4E1CD6CB} = {F695EC0B-F41A-3835-BF05-842A4E1CD6CB}
	EndProjectSection
EndProject
Project("{8BC9CEB8-8B4A-11D0-8D11-00A0C91BC942}") = "glm_static", "framework_build\lib\glm\glm\glm_static.vcxproj", "{38953A70-C93A-3A95-862A-3566200DBCBD}"
	ProjectSection(ProjectDependencies) = postProject
		{F695EC0B-F41A-3835-BF05-842A4E1CD6CB} = {F695EC0B-F41A-3835-BF05-842A4E1CD6CB}
	EndProjectSection
EndProject
Project("{8BC9CEB8-8B4A-11D0-8D11-00A0C91BC942}") = "libglew_shared", "framework_build\lib\glew\libglew_shared.vcxproj", "{801DE519-E6DA-37F8-9E9E-765CD9E0A0B3}"
	ProjectSection(ProjectDependencies) = postProject
		{F695EC0B-F41A-3835-BF05-842A4E1CD6CB} = {F695EC0B-F41A-3835-BF05-842A4E1CD6CB}
	EndProjectSection
EndProject
Project("{8BC9CEB8-8B4A-11D0-8D11-00A0C91BC942}") = "uninstall", "framework_build\lib\glm\uninstall.vcxproj", "{EA84160E-BD6F-309E-B39B-C3F66EBC0447}"
	ProjectSection(ProjectDependencies) = postProject
		{F695EC0B-F41A-3835-BF05-842A4E1CD6CB} = {F695EC0B-F41A-3835-BF05-842A4E1CD6CB}
	EndProjectSection
EndProject
Project("{8BC9CEB8-8B4A-11D0-8D11-00A0C91BC942}") = "zlib", "framework_build\lib\assimp\contrib\zlib\zlib.vcxproj", "{F06EC9AF-2659-32AF-BFA8-ED194CAB4480}"
	ProjectSection(ProjectDependencies) = postProject
		{F695EC0B-F41A-3835-BF05-842A4E1CD6CB} = {F695EC0B-F41A-3835-BF05-842A4E1CD6CB}
	EndProjectSection
EndProject
Project("{8BC9CEB8-8B4A-11D0-8D11-00A0C91BC942}") = "zlibstatic", "framework_build\lib\assimp\contrib\zlib\zlibstatic.vcxproj", "{1CEFE834-CFF8-3D7E-9B50-2F163FF8EAB2}"
	ProjectSection(ProjectDependencies) = postProject
		{F695EC0B-F41A-3835-BF05-842A4E1CD6CB} = {F695EC0B-F41A-3835-BF05-842A4E1CD6CB}
	EndProjectSection
EndProject
Global
	GlobalSection(SolutionConfigurationPlatforms) = preSolution
		Debug|x64 = Debug|x64
		Release|x64 = Release|x64
		MinSizeRel|x64 = MinSizeRel|x64
		RelWithDebInfo|x64 = RelWithDebInfo|x64
	EndGlobalSection
	GlobalSection(ProjectConfigurationPlatforms) = postSolution
		{7859FCF9-01C4-350B-B4FF-599FE899BE8E}.Debug|x64.ActiveCfg = Debug|x64
		{7859FCF9-01C4-350B-B4FF-599FE899BE8E}.Debug|x64.Build.0 = Debug|x64
		{7859FCF9-01C4-350B-B4FF-599FE899BE8E}.Release|x64.ActiveCfg = Release|x64
		{7859FCF9-01C4-350B-B4FF-599FE899BE8E}.Release|x64.Build.0 = Release|x64
		{7859FCF9-01C4-350B-B4FF-599FE899BE8E}.MinSizeRel|x64.ActiveCfg = MinSizeRel|x64
		{7859FCF9-01C4-350B-B4FF-599FE899BE8E}.MinSizeRel|x64.Build.0 = MinSizeRel|x64
		{7859FCF9-01C4-350B-B4FF-599FE899BE8E}.RelWithDebInfo|x64.ActiveCfg = RelWithDebInfo|x64
		{7859FCF9-01C4-350B-B4FF-599FE899BE8E}.RelWithDebInfo|x64.Build.0 = RelWithDebInfo|x64
		{0530FE9D-2752-317A-B881-F7A65191AD84}.Debug|x64.ActiveCfg = Debug|x64
		{0530FE9D-2752-317A-B881-F7A65191AD84}.Release|x64.ActiveCfg = Release|x64
		{0530FE9D-2752-317A-B881-F7A65191AD84}.MinSizeRel|x64.ActiveCfg = MinSizeRel|x64
		{0530FE9D-2752-317A-B881-F7A65191AD84}.RelWithDebInfo|x64.ActiveCfg = RelWithDebInfo|x64
		{975A9167-8EEE-3611-A583-E3F0FED5C736}.Debug|x64.ActiveCfg = Debug|x64
		{975A9167-8EEE-3611-A583-E3F0FED5C736}.Debug|x64.Build.0 = Debug|x64
		{975A9167-8EEE-3611-A583-E3F0FED5C736}.Release|x64.ActiveCfg = Release|x64
		{975A9167-8EEE-3611-A583-E3F0FED5C736}.Release|x64.Build.0 = Release|x64
		{975A9167-8EEE-3611-A583-E3F0FED5C736}.MinSizeRel|x64.ActiveCfg = MinSizeRel|x64
		{975A9167-8EEE-3611-A583-E3F0FED5C736}.MinSizeRel|x64.Build.0 = MinSizeRel|x64
		{975A9167-8EEE-3611-A583-E3F0FED5C736}.RelWithDebInfo|x64.ActiveCfg = RelWithDebInfo|x64
		{975A9167-8EEE-3611-A583-E3F0FED5C736}.RelWithDebInfo|x64.Build.0 = RelWithDebInfo|x64
		{7ECBEA4E-F082-392D-9FEB-B6EA0CC896E0}.Debug|x64.ActiveCfg = Debug|x64
		{7ECBEA4E-F082-392D-9FEB-B6EA0CC896E0}.Release|x64.ActiveCfg = Release|x64
		{7ECBEA4E-F082-392D-9FEB-B6EA0CC896E0}.MinSizeRel|x64.ActiveCfg = MinSizeRel|x64
		{7ECBEA4E-F082-392D-9FEB-B6EA0CC896E0}.RelWithDebInfo|x64.ActiveCfg = RelWithDebInfo|x64
		{F695EC0B-F41A-3835-BF05-842A4E1CD6CB}.Debug|x64.ActiveCfg = Debug|x64
		{F695EC0B-F41A-3835-BF05-842A4E1CD6CB}.Debug|x64.Build.0 = Debug|x64
		{F695EC0B-F41A-3835-BF05-842A4E1CD6CB}.Release|x64.ActiveCfg = Release|x64
		{F695EC0B-F41A-3835-BF05-842A4E1CD6CB}.Release|x64.Build.0 = Release|x64
		{F695EC0B-F41A-3835-BF05-842A4E1CD6CB}.MinSizeRel|x64.ActiveCfg = MinSizeRel|x64
		{F695EC0B-F41A-3835-BF05-842A4E1CD6CB}.MinSizeRel|x64.Build.0 = MinSizeRel|x64
		{F695EC0B-F41A-3835-BF05-842A4E1CD6CB}.RelWithDebInfo|x64.ActiveCfg = RelWithDebInfo|x64
		{F695EC0B-F41A-3835-BF05-842A4E1CD6CB}.RelWithDebInfo|x64.Build.0 = RelWithDebInfo|x64
		{38959EBA-B2C4-363C-B3D5-92A5EC9E0638}.Debug|x64.ActiveCfg = Debug|x64
		{38959EBA-B2C4-363C-B3D5-92A5EC9E0638}.Debug|x64.Build.0 = Debug|x64
		{38959EBA-B2C4-363C-B3D5-92A5EC9E0638}.Release|x64.ActiveCfg = Release|x64
		{38959EBA-B2C4-363C-B3D5-92A5EC9E0638}.Release|x64.Build.0 = Release|x64
		{38959EBA-B2C4-363C-B3D5-92A5EC9E0638}.MinSizeRel|x64.ActiveCfg = MinSizeRel|x64
		{38959EBA-B2C4-363C-B3D5-92A5EC9E0638}.MinSizeRel|x64.Build.0 = MinSizeRel|x64
		{38959EBA-B2C4-363C-B3D5-92A5EC9E0638}.RelWithDebInfo|x64.ActiveCfg = RelWithDebInfo|x64
		{38959EBA-B2C4-363C-B3D5-92A5EC9E0638}.RelWithDebInfo|x64.Build.0 = RelWithDebInfo|x64
		{464394FC-41AF-3B5D-94EB-0CCBBF43C879}.Debug|x64.ActiveCfg = Debug|x64
		{464394FC-41AF-3B5D-94EB-0CCBBF43C879}.Debug|x64.Build.0 = Debug|x64
		{464394FC-41AF-3B5D-94EB-0CCBBF43C879}.Release|x64.ActiveCfg = Release|x64
		{464394FC-41AF-3B5D-94EB-0CCBBF43C879}.Release|x64.Build.0 = Release|x64
		{464394FC-41AF-3B5D-94EB-0CCBBF43C879}.MinSizeRel|x64.ActiveCfg = MinSizeRel|x64
		{464394FC-41AF-3B5D-94EB-0CCBBF43C879}.MinSizeRel|x64.Build.0 = MinSizeRel|x64
		{464394FC-41AF-3B5D-94EB-0CCBBF43C879}.RelWithDebInfo|x64.ActiveCfg = RelWithDebInfo|x64
		{464394FC-41AF-3B5D-94EB-0CCBBF43C879}.RelWithDebInfo|x64.Build.0 = RelWithDebInfo|x64
		{1D0DDA7A-FD85-3EDC-AA34-94A8465363B9}.Debug|x64.ActiveCfg = Debug|x64
		{1D0DDA7A-FD85-3EDC-AA34-94A8465363B9}.Debug|x64.Build.0 = Debug|x64
		{1D0DDA7A-FD85-3EDC-AA34-94A8465363B9}.Release|x64.ActiveCfg = Release|x64
		{1D0DDA7A-FD85-3EDC-AA34-94A8465363B9}.Release|x64.Build.0 = Release|x64
		{1D0DDA7A-FD85-3EDC-AA34-94A8465363B9}.MinSizeRel|x64.ActiveCfg = MinSizeRel|x64
		{1D0DDA7A-FD85-3EDC-AA34-94A8465363B9}.MinSizeRel|x64.Build.0 = MinSizeRel|x64
		{1D0DDA7A-FD85-3EDC-AA34-94A8465363B9}.RelWithDebInfo|x64.ActiveCfg = RelWithDebInfo|x64
		{1D0DDA7A-FD85-3EDC-AA34-94A8465363B9}.RelWithDebInfo|x64.Build.0 = RelWithDebInfo|x64
		{839036E9-6472-377C-B8EF-6B3D26A7F08A}.Debug|x64.ActiveCfg = Debug|x64
		{839036E9-6472-377C-B8EF-6B3D26A7F08A}.Debug|x64.Build.0 = Debug|x64
		{839036E9-6472-377C-B8EF-6B3D26A7F08A}.Release|x64.ActiveCfg = Release|x64
		{839036E9-6472-377C-B8EF-6B3D26A7F08A}.Release|x64.Build.0 = Release|x64
		{839036E9-6472-377C-B8EF-6B3D26A7F08A}.MinSizeRel|x64.ActiveCfg = MinSizeRel|x64
		{839036E9-6472-377C-B8EF-6B3D26A7F08A}.MinSizeRel|x64.Build.0 = MinSizeRel|x64
		{839036E9-6472-377C-B8EF-6B3D26A7F08A}.RelWithDebInfo|x64.ActiveCfg = RelWithDebInfo|x64
		{839036E9-6472-377C-B8EF-6B3D26A7F08A}.RelWithDebInfo|x64.Build.0 = RelWithDebInfo|x64
		{258E4BE1-2E37-3D67-947A-019E8E571207}.Debug|x64.ActiveCfg = Debug|x64
		{258E4BE1-2E37-3D67-947A-019E8E571207}.Debug|x64.Build.0 = Debug|x64
		{258E4BE1-2E37-3D67-947A-019E8E571207}.Release|x64.ActiveCfg = Release|x64
		{258E4BE1-2E37-3D67-947A-019E8E571207}.Release|x64.Build.0 = Release|x64
		{258E4BE1-2E37-3D67-947A-019E8E571207}.MinSizeRel|x64.ActiveCfg = MinSizeRel|x64
		{258E4BE1-2E37-3D67-947A-019E8E571207}.MinSizeRel|x64.Build.0 = MinSizeRel|x64
		{258E4BE1-2E37-3D67-947A-019E8E571207}.RelWithDebInfo|x64.ActiveCfg = RelWithDebInfo|x64
		{258E4BE1-2E37-3D67-947A-019E8E571207}.RelWithDebInfo|x64.Build.0 = RelWithDebInfo|x64
		{13AB3C2C-740E-324B-929D-23A8676383CC}.Debug|x64.ActiveCfg = Debug|x64
		{13AB3C2C-740E-324B-929D-23A8676383CC}.Debug|x64.Build.0 = Debug|x64
		{13AB3C2C-740E-324B-929D-23A8676383CC}.Release|x64.ActiveCfg = Release|x64
		{13AB3C2C-740E-324B-929D-23A8676383CC}.Release|x64.Build.0 = Release|x64
		{13AB3C2C-740E-324B-929D-23A8676383CC}.MinSizeRel|x64.ActiveCfg = MinSizeRel|x64
		{13AB3C2C-740E-324B-929D-23A8676383CC}.MinSizeRel|x64.Build.0 = MinSizeRel|x64
		{13AB3C2C-740E-324B-929D-23A8676383CC}.RelWithDebInfo|x64.ActiveCfg = RelWithDebInfo|x64
		{13AB3C2C-740E-324B-929D-23A8676383CC}.RelWithDebInfo|x64.Build.0 = RelWithDebInfo|x64
		{38953A70-C93A-3A95-862A-3566200DBCBD}.Debug|x64.ActiveCfg = Debug|x64
		{38953A70-C93A-3A95-862A-3566200DBCBD}.Debug|x64.Build.0 = Debug|x64
		{38953A70-C93A-3A95-862A-3566200DBCBD}.Release|x64.ActiveCfg = Release|x64
		{38953A70-C93A-3A95-862A-3566200DBCBD}.Release|x64.Build.0 = Release|x64
		{38953A70-C93A-3A95-862A-3566200DBCBD}.MinSizeRel|x64.ActiveCfg = MinSizeRel|x64
		{38953A70-C93A-3A95-862A-3566200DBCBD}.MinSizeRel|x64.Build.0 = MinSizeRel|x64
		{38953A70-C93A-3A95-862A-3566200DBCBD}.RelWithDebInfo|x64.ActiveCfg = RelWithDebInfo|x64
		{38953A70-C93A-3A95-862A-3566200DBCBD}.RelWithDebInfo|x64.Build.0 = RelWithDebInfo|x64
		{801DE519-E6DA-37F8-9E9E-765CD9E0A0B3}.Debug|x64.ActiveCfg = Debug|x64
		{801DE519-E6DA-37F8-9E9E-765CD9E0A0B3}.Debug|x64.Build.0 = Debug|x64
		{801DE519-E6DA-37F8-9E9E-765CD9E0A0B3}.Release|x64.ActiveCfg = Release|x64
		{801DE519-E6DA-37F8-9E9E-765CD9E0A0B3}.Release|x64.Build.0 = Release|x64
		{801DE519-E6DA-37F8-9E9E-765CD9E0A0B3}.MinSizeRel|x64.ActiveCfg = MinSizeRel|x64
		{801DE519-E6DA-37F8-9E9E-765CD9E0A0B3}.MinSizeRel|x64.Build.0 = MinSizeRel|x64
		{801DE519-E6DA-37F8-9E9E-765CD9E0A0B3}.RelWithDebInfo|x64.ActiveCfg = RelWithDebInfo|x64
		{801DE519-E6DA-37F8-9E9E-765CD9E0A0B3}.RelWithDebInfo|x64.Build.0 = RelWithDebInfo|x64
		{EA84160E-BD6F-309E-B39B-C3F66EBC0447}.Debug|x64.ActiveCfg = Debug|x64
		{EA84160E-BD6F-309E-B39B-C3F66EBC0447}.Release|x64.ActiveCfg = Release|x64
		{EA84160E-BD6F-309E-B39B-C3F66EBC0447}.MinSizeRel|x64.ActiveCfg = MinSizeRel|x64
		{EA84160E-BD6F-309E-B39B-C3F66EBC0447}.RelWithDebInfo|x64.ActiveCfg = RelWithDebInfo|x64
		{F06EC9AF-2659-32AF-BFA8-ED194CAB4480}.Debug|x64.ActiveCfg = Debug|x64
		{F06EC9AF-2659-32AF-BFA8-ED194CAB4480}.Debug|x64.Build.0 = Debug|x64
		{F06EC9AF-2659-32AF-BFA8-ED194CAB4480}.Release|x64.ActiveCfg = Release|x64
		{F06EC9AF-2659-32AF-BFA8-ED194CAB4480}.Release|x64.Build.0 = Release|x64
		{F06EC9AF-2659-32AF-BFA8-ED194CAB4480}.MinSizeRel|x64.ActiveCfg = MinSizeRel|x64
		{F06EC9AF-2659-32AF-BFA8-ED194CAB4480}.MinSizeRel|x64.Build.0 = MinSizeRel|x64
		{F06EC9AF-2659-32AF-BFA8-ED194CAB4480}.RelWithDebInfo|x64.ActiveCfg = RelWithDebInfo|x64
		{F06EC9AF-2659-32AF-BFA8-ED194CAB4480}.RelWithDebInfo|x64.Build.0 = RelWithDebInfo|x64
		{1CEFE834-CFF8-3D7E-9B50-2F163FF8EAB2}.Debug|x64.ActiveCfg = Debug|x64
		{1CEFE834-CFF8-3D7E-9B50-2F163FF8EAB2}.Debug|x64.Build.0 = Debug|x64
		{1CEFE834-CFF8-3D7E-9B50-2F163FF8EAB2}.Release|x64.ActiveCfg = Release|x64
		{1CEFE834-CFF8-3D7E-9B50-2F163FF8EAB2}.Release|x64.Build.0 = Release|x64
		{1CEFE834-CFF8-3D7E-9B50-2F163FF8EAB2}.MinSizeRel|x64.ActiveCfg = MinSizeRel|x64
		{1CEFE834-CFF8-3D7E-9B50-2F163FF8EAB2}.MinSizeRel|x64.Build.0 = MinSizeRel|x64
		{1CEFE834-CFF8-3D7E-9B50-2F163FF8EAB2}.RelWithDebInfo|x64.ActiveCfg = RelWithDebInfo|x64
		{1CEFE834-CFF8-3D7E-9B50-2F163FF8EAB2}.RelWithDebInfo|x64.Build.0 = RelWithDebInfo|x64
	EndGlobalSection
	GlobalSection(NestedProjects) = preSolution
		{7859FCF9-01C4-350B-B4FF-599FE899BE8E} = {93B45F13-59E9-3B49-B738-89218EB0530D}
		{0530FE9D-2752-317A-B881-F7A65191AD84} = {93B45F13-59E9-3B49-B738-89218EB0530D}
		{F695EC0B-F41A-3835-BF05-842A4E1CD6CB} = {93B45F13-59E9-3B49-B738-89218EB0530D}
		{38959EBA-B2C4-363C-B3D5-92A5EC9E0638} = {D48A49C8-31BD-3270-9EBE-513CCE4D64FC}
		{839036E9-6472-377C-B8EF-6B3D26A7F08A} = {D48A49C8-31BD-3270-9EBE-513CCE4D64FC}
		{258E4BE1-2E37-3D67-947A-019E8E571207} = {D48A49C8-31BD-3270-9EBE-513CCE4D64FC}
		{801DE519-E6DA-37F8-9E9E-765CD9E0A0B3} = {D48A49C8-31BD-3270-9EBE-513CCE4D64FC}
		{975A9167-8EEE-3611-A583-E3F0FED5C736} = {281D05A5-B56E-36F3-AD1A-EBBFD7D04FB8}
		{7ECBEA4E-F082-392D-9FEB-B6EA0CC896E0} = {281D05A5-B56E-36F3-AD1A-EBBFD7D04FB8}
		{13AB3C2C-740E-324B-929D-23A8676383CC} = {281D05A5-B56E-36F3-AD1A-EBBFD7D04FB8}
		{38953A70-C93A-3A95-862A-3566200DBCBD} = {281D05A5-B56E-36F3-AD1A-EBBFD7D04FB8}
		{EA84160E-BD6F-309E-B39B-C3F66EBC0447} = {281D05A5-B56E-36F3-AD1A-EBBFD7D04FB8}
		{F06EC9AF-2659-32AF-BFA8-ED194CAB4480} = {281D05A5-B56E-36F3-AD1A-EBBFD7D04FB8}
		{1CEFE834-CFF8-3D7E-9B50-2F163FF8EAB2} = {281D05A5-B56E-36F3-AD1A-EBBFD7D04FB8}
	EndGlobalSection
	GlobalSection(ExtensibilityGlobals) = postSolution
		SolutionGuid = {276EC47E-5B0A-303F-8A02-9EE2E72F7E93}
	EndGlobalSection
	GlobalSection(ExtensibilityAddIns) = postSolution
	EndGlobalSection
EndGlobal
