<?xml version="1.0" encoding="utf-8"?>
<Project ToolsVersion="16.0" xmlns="http://schemas.microsoft.com/developer/msbuild/2003">
  <ItemGroup>
    <ClCompile Include="C:\Users\lewis\OneDrive - Edinburgh Napier University\Modules\Second Year\2 CG\set08116\labs\framework\lib\assimp\contrib\zlib\adler32.c">
      <Filter>Source Files</Filter>
    </ClCompile>
    <ClCompile Include="C:\Users\lewis\OneDrive - Edinburgh Napier University\Modules\Second Year\2 CG\set08116\labs\framework\lib\assimp\contrib\zlib\compress.c">
      <Filter>Source Files</Filter>
    </ClCompile>
    <ClCompile Include="C:\Users\lewis\OneDrive - Edinburgh Napier University\Modules\Second Year\2 CG\set08116\labs\framework\lib\assimp\contrib\zlib\crc32.c">
      <Filter>Source Files</Filter>
    </ClCompile>
    <ClCompile Include="C:\Users\lewis\OneDrive - Edinburgh Napier University\Modules\Second Year\2 CG\set08116\labs\framework\lib\assimp\contrib\zlib\deflate.c">
      <Filter>Source Files</Filter>
    </ClCompile>
    <ClCompile Include="C:\Users\lewis\OneDrive - Edinburgh Napier University\Modules\Second Year\2 CG\set08116\labs\framework\lib\assimp\contrib\zlib\gzclose.c">
      <Filter>Source Files</Filter>
    </ClCompile>
    <ClCompile Include="C:\Users\lewis\OneDrive - Edinburgh Napier University\Modules\Second Year\2 CG\set08116\labs\framework\lib\assimp\contrib\zlib\gzlib.c">
      <Filter>Source Files</Filter>
    </ClCompile>
    <ClCompile Include="C:\Users\lewis\OneDrive - Edinburgh Napier University\Modules\Second Year\2 CG\set08116\labs\framework\lib\assimp\contrib\zlib\gzread.c">
      <Filter>Source Files</Filter>
    </ClCompile>
    <ClCompile Include="C:\Users\lewis\OneDrive - Edinburgh Napier University\Modules\Second Year\2 CG\set08116\labs\framework\lib\assimp\contrib\zlib\gzwrite.c">
      <Filter>Source Files</Filter>
    </ClCompile>
    <ClCompile Include="C:\Users\lewis\OneDrive - Edinburgh Napier University\Modules\Second Year\2 CG\set08116\labs\framework\lib\assimp\contrib\zlib\inflate.c">
      <Filter>Source Files</Filter>
    </ClCompile>
    <ClCompile Include="C:\Users\lewis\OneDrive - Edinburgh Napier University\Modules\Second Year\2 CG\set08116\labs\framework\lib\assimp\contrib\zlib\infback.c">
      <Filter>Source Files</Filter>
    </ClCompile>
    <ClCompile Include="C:\Users\lewis\OneDrive - Edinburgh Napier University\Modules\Second Year\2 CG\set08116\labs\framework\lib\assimp\contrib\zlib\inftrees.c">
      <Filter>Source Files</Filter>
    </ClCompile>
    <ClCompile Include="C:\Users\lewis\OneDrive - Edinburgh Napier University\Modules\Second Year\2 CG\set08116\labs\framework\lib\assimp\contrib\zlib\inffast.c">
      <Filter>Source Files</Filter>
    </ClCompile>
    <ClCompile Include="C:\Users\lewis\OneDrive - Edinburgh Napier University\Modules\Second Year\2 CG\set08116\labs\framework\lib\assimp\contrib\zlib\trees.c">
      <Filter>Source Files</Filter>
    </ClCompile>
    <ClCompile Include="C:\Users\lewis\OneDrive - Edinburgh Napier University\Modules\Second Year\2 CG\set08116\labs\framework\lib\assimp\contrib\zlib\uncompr.c">
      <Filter>Source Files</Filter>
    </ClCompile>
    <ClCompile Include="C:\Users\lewis\OneDrive - Edinburgh Napier University\Modules\Second Year\2 CG\set08116\labs\framework\lib\assimp\contrib\zlib\zutil.c">
      <Filter>Source Files</Filter>
    </ClCompile>
  </ItemGroup>
  <ItemGroup>
    <ClInclude Include="C:\Users\lewis\OneDrive - Edinburgh Napier University\Modules\Second Year\2 CG\SET08116_CG_Coursework\framework_build\lib\assimp\contrib\zlib\zconf.h">
      <Filter>Header Files</Filter>
    </ClInclude>
    <ClInclude Include="C:\Users\lewis\OneDrive - Edinburgh Napier University\Modules\Second Year\2 CG\set08116\labs\framework\lib\assimp\contrib\zlib\zlib.h">
      <Filter>Header Files</Filter>
    </ClInclude>
    <ClInclude Include="C:\Users\lewis\OneDrive - Edinburgh Napier University\Modules\Second Year\2 CG\set08116\labs\framework\lib\assimp\contrib\zlib\crc32.h">
      <Filter>Header Files</Filter>
    </ClInclude>
    <ClInclude Include="C:\Users\lewis\OneDrive - Edinburgh Napier University\Modules\Second Year\2 CG\set08116\labs\framework\lib\assimp\contrib\zlib\deflate.h">
      <Filter>Header Files</Filter>
    </ClInclude>
    <ClInclude Include="C:\Users\lewis\OneDrive - Edinburgh Napier University\Modules\Second Year\2 CG\set08116\labs\framework\lib\assimp\contrib\zlib\gzguts.h">
      <Filter>Header Files</Filter>
    </ClInclude>
    <ClInclude Include="C:\Users\lewis\OneDrive - Edinburgh Napier University\Modules\Second Year\2 CG\set08116\labs\framework\lib\assimp\contrib\zlib\inffast.h">
      <Filter>Header Files</Filter>
    </ClInclude>
    <ClInclude Include="C:\Users\lewis\OneDrive - Edinburgh Napier University\Modules\Second Year\2 CG\set08116\labs\framework\lib\assimp\contrib\zlib\inffixed.h">
      <Filter>Header Files</Filter>
    </ClInclude>
    <ClInclude Include="C:\Users\lewis\OneDrive - Edinburgh Napier University\Modules\Second Year\2 CG\set08116\labs\framework\lib\assimp\contrib\zlib\inflate.h">
      <Filter>Header Files</Filter>
    </ClInclude>
    <ClInclude Include="C:\Users\lewis\OneDrive - Edinburgh Napier University\Modules\Second Year\2 CG\set08116\labs\framework\lib\assimp\contrib\zlib\inftrees.h">
      <Filter>Header Files</Filter>
    </ClInclude>
    <ClInclude Include="C:\Users\lewis\OneDrive - Edinburgh Napier University\Modules\Second Year\2 CG\set08116\labs\framework\lib\assimp\contrib\zlib\trees.h">
      <Filter>Header Files</Filter>
    </ClInclude>
    <ClInclude Include="C:\Users\lewis\OneDrive - Edinburgh Napier University\Modules\Second Year\2 CG\set08116\labs\framework\lib\assimp\contrib\zlib\zutil.h">
      <Filter>Header Files</Filter>
    </ClInclude>
  </ItemGroup>
  <ItemGroup>
    <CustomBuild Include="C:\Users\lewis\OneDrive - Edinburgh Napier University\Modules\Second Year\2 CG\set08116\labs\framework\lib\assimp\contrib\zlib\CMakeLists.txt" />
  </ItemGroup>
  <ItemGroup>
    <ResourceCompile Include="C:\Users\lewis\OneDrive - Edinburgh Napier University\Modules\Second Year\2 CG\set08116\labs\framework\lib\assimp\contrib\zlib\win32\zlib1.rc">
      <Filter>Source Files</Filter>
    </ResourceCompile>
  </ItemGroup>
  <ItemGroup>
    <Filter Include="Header Files">
      <UniqueIdentifier>{C4880166-3759-3BB6-9F20-E3DC933A242A}</UniqueIdentifier>
    </Filter>
    <Filter Include="Source Files">
      <UniqueIdentifier>{27F52EEC-EB4D-31DE-AFE7-8D6E1BD47B2E}</UniqueIdentifier>
    </Filter>
  </ItemGroup>
</Project>
