<?xml version="1.0" encoding="utf-8"?>
<Project ToolsVersion="16.0" xmlns="http://schemas.microsoft.com/developer/msbuild/2003">
  <ItemGroup>
    <ClCompile Include="C:\Users\lewis\OneDrive - Edinburgh Napier University\Modules\Second Year\2 CG\set08116\labs\framework\src\app.cpp">
      <Filter>Source Files</Filter>
    </ClCompile>
    <ClCompile Include="C:\Users\lewis\OneDrive - Edinburgh Napier University\Modules\Second Year\2 CG\set08116\labs\framework\src\arc_ball_camera.cpp">
      <Filter>Source Files</Filter>
    </ClCompile>
    <ClCompile Include="C:\Users\lewis\OneDrive - Edinburgh Napier University\Modules\Second Year\2 CG\set08116\labs\framework\src\chase_camera.cpp">
      <Filter>Source Files</Filter>
    </ClCompile>
    <ClCompile Include="C:\Users\lewis\OneDrive - Edinburgh Napier University\Modules\Second Year\2 CG\set08116\labs\framework\src\cubemap.cpp">
      <Filter>Source Files</Filter>
    </ClCompile>
    <ClCompile Include="C:\Users\lewis\OneDrive - Edinburgh Napier University\Modules\Second Year\2 CG\set08116\labs\framework\src\depth_buffer.cpp">
      <Filter>Source Files</Filter>
    </ClCompile>
    <ClCompile Include="C:\Users\lewis\OneDrive - Edinburgh Napier University\Modules\Second Year\2 CG\set08116\labs\framework\src\directional_light.cpp">
      <Filter>Source Files</Filter>
    </ClCompile>
    <ClCompile Include="C:\Users\lewis\OneDrive - Edinburgh Napier University\Modules\Second Year\2 CG\set08116\labs\framework\src\effect.cpp">
      <Filter>Source Files</Filter>
    </ClCompile>
    <ClCompile Include="C:\Users\lewis\OneDrive - Edinburgh Napier University\Modules\Second Year\2 CG\set08116\labs\framework\src\frame_buffer.cpp">
      <Filter>Source Files</Filter>
    </ClCompile>
    <ClCompile Include="C:\Users\lewis\OneDrive - Edinburgh Napier University\Modules\Second Year\2 CG\set08116\labs\framework\src\free_camera.cpp">
      <Filter>Source Files</Filter>
    </ClCompile>
    <ClCompile Include="C:\Users\lewis\OneDrive - Edinburgh Napier University\Modules\Second Year\2 CG\set08116\labs\framework\src\geometry.cpp">
      <Filter>Source Files</Filter>
    </ClCompile>
    <ClCompile Include="C:\Users\lewis\OneDrive - Edinburgh Napier University\Modules\Second Year\2 CG\set08116\labs\framework\src\geometry_builder.cpp">
      <Filter>Source Files</Filter>
    </ClCompile>
    <ClCompile Include="C:\Users\lewis\OneDrive - Edinburgh Napier University\Modules\Second Year\2 CG\set08116\labs\framework\src\renderer.cpp">
      <Filter>Source Files</Filter>
    </ClCompile>
    <ClCompile Include="C:\Users\lewis\OneDrive - Edinburgh Napier University\Modules\Second Year\2 CG\set08116\labs\framework\src\shadow_map.cpp">
      <Filter>Source Files</Filter>
    </ClCompile>
    <ClCompile Include="C:\Users\lewis\OneDrive - Edinburgh Napier University\Modules\Second Year\2 CG\set08116\labs\framework\src\stdafx.cpp">
      <Filter>Source Files</Filter>
    </ClCompile>
    <ClCompile Include="C:\Users\lewis\OneDrive - Edinburgh Napier University\Modules\Second Year\2 CG\set08116\labs\framework\src\target_camera.cpp">
      <Filter>Source Files</Filter>
    </ClCompile>
    <ClCompile Include="C:\Users\lewis\OneDrive - Edinburgh Napier University\Modules\Second Year\2 CG\set08116\labs\framework\src\terrain.cpp">
      <Filter>Source Files</Filter>
    </ClCompile>
    <ClCompile Include="C:\Users\lewis\OneDrive - Edinburgh Napier University\Modules\Second Year\2 CG\set08116\labs\framework\src\texture.cpp">
      <Filter>Source Files</Filter>
    </ClCompile>
    <ClCompile Include="C:\Users\lewis\OneDrive - Edinburgh Napier University\Modules\Second Year\2 CG\set08116\labs\framework\src\util.cpp">
      <Filter>Source Files</Filter>
    </ClCompile>
  </ItemGroup>
  <ItemGroup>
    <ClInclude Include="C:\Users\lewis\OneDrive - Edinburgh Napier University\Modules\Second Year\2 CG\set08116\labs\framework\src\app.h">
      <Filter>Header Files</Filter>
    </ClInclude>
    <ClInclude Include="C:\Users\lewis\OneDrive - Edinburgh Napier University\Modules\Second Year\2 CG\set08116\labs\framework\src\arc_ball_camera.h">
      <Filter>Header Files</Filter>
    </ClInclude>
    <ClInclude Include="C:\Users\lewis\OneDrive - Edinburgh Napier University\Modules\Second Year\2 CG\set08116\labs\framework\src\camera.h">
      <Filter>Header Files</Filter>
    </ClInclude>
    <ClInclude Include="C:\Users\lewis\OneDrive - Edinburgh Napier University\Modules\Second Year\2 CG\set08116\labs\framework\src\chase_camera.h">
      <Filter>Header Files</Filter>
    </ClInclude>
    <ClInclude Include="C:\Users\lewis\OneDrive - Edinburgh Napier University\Modules\Second Year\2 CG\set08116\labs\framework\src\cubemap.h">
      <Filter>Header Files</Filter>
    </ClInclude>
    <ClInclude Include="C:\Users\lewis\OneDrive - Edinburgh Napier University\Modules\Second Year\2 CG\set08116\labs\framework\src\depth_buffer.h">
      <Filter>Header Files</Filter>
    </ClInclude>
    <ClInclude Include="C:\Users\lewis\OneDrive - Edinburgh Napier University\Modules\Second Year\2 CG\set08116\labs\framework\src\directional_light.h">
      <Filter>Header Files</Filter>
    </ClInclude>
    <ClInclude Include="C:\Users\lewis\OneDrive - Edinburgh Napier University\Modules\Second Year\2 CG\set08116\labs\framework\src\effect.h">
      <Filter>Header Files</Filter>
    </ClInclude>
    <ClInclude Include="C:\Users\lewis\OneDrive - Edinburgh Napier University\Modules\Second Year\2 CG\set08116\labs\framework\src\frame_buffer.h">
      <Filter>Header Files</Filter>
    </ClInclude>
    <ClInclude Include="C:\Users\lewis\OneDrive - Edinburgh Napier University\Modules\Second Year\2 CG\set08116\labs\framework\src\free_camera.h">
      <Filter>Header Files</Filter>
    </ClInclude>
    <ClInclude Include="C:\Users\lewis\OneDrive - Edinburgh Napier University\Modules\Second Year\2 CG\set08116\labs\framework\src\geometry.h">
      <Filter>Header Files</Filter>
    </ClInclude>
    <ClInclude Include="C:\Users\lewis\OneDrive - Edinburgh Napier University\Modules\Second Year\2 CG\set08116\labs\framework\src\geometry_builder.h">
      <Filter>Header Files</Filter>
    </ClInclude>
    <ClInclude Include="C:\Users\lewis\OneDrive - Edinburgh Napier University\Modules\Second Year\2 CG\set08116\labs\framework\src\graphics_framework.h">
      <Filter>Header Files</Filter>
    </ClInclude>
    <ClInclude Include="C:\Users\lewis\OneDrive - Edinburgh Napier University\Modules\Second Year\2 CG\set08116\labs\framework\src\material.h">
      <Filter>Header Files</Filter>
    </ClInclude>
    <ClInclude Include="C:\Users\lewis\OneDrive - Edinburgh Napier University\Modules\Second Year\2 CG\set08116\labs\framework\src\mesh.h">
      <Filter>Header Files</Filter>
    </ClInclude>
    <ClInclude Include="C:\Users\lewis\OneDrive - Edinburgh Napier University\Modules\Second Year\2 CG\set08116\labs\framework\src\point_light.h">
      <Filter>Header Files</Filter>
    </ClInclude>
    <ClInclude Include="C:\Users\lewis\OneDrive - Edinburgh Napier University\Modules\Second Year\2 CG\set08116\labs\framework\src\renderer.h">
      <Filter>Header Files</Filter>
    </ClInclude>
    <ClInclude Include="C:\Users\lewis\OneDrive - Edinburgh Napier University\Modules\Second Year\2 CG\set08116\labs\framework\src\shadow_map.h">
      <Filter>Header Files</Filter>
    </ClInclude>
    <ClInclude Include="C:\Users\lewis\OneDrive - Edinburgh Napier University\Modules\Second Year\2 CG\set08116\labs\framework\src\spot_light.h">
      <Filter>Header Files</Filter>
    </ClInclude>
    <ClInclude Include="C:\Users\lewis\OneDrive - Edinburgh Napier University\Modules\Second Year\2 CG\set08116\labs\framework\src\stdafx.h">
      <Filter>Header Files</Filter>
    </ClInclude>
    <ClInclude Include="C:\Users\lewis\OneDrive - Edinburgh Napier University\Modules\Second Year\2 CG\set08116\labs\framework\src\target_camera.h">
      <Filter>Header Files</Filter>
    </ClInclude>
    <ClInclude Include="C:\Users\lewis\OneDrive - Edinburgh Napier University\Modules\Second Year\2 CG\set08116\labs\framework\src\terrain.h">
      <Filter>Header Files</Filter>
    </ClInclude>
    <ClInclude Include="C:\Users\lewis\OneDrive - Edinburgh Napier University\Modules\Second Year\2 CG\set08116\labs\framework\src\texture.h">
      <Filter>Header Files</Filter>
    </ClInclude>
    <ClInclude Include="C:\Users\lewis\OneDrive - Edinburgh Napier University\Modules\Second Year\2 CG\set08116\labs\framework\src\transform.h">
      <Filter>Header Files</Filter>
    </ClInclude>
    <ClInclude Include="C:\Users\lewis\OneDrive - Edinburgh Napier University\Modules\Second Year\2 CG\set08116\labs\framework\src\util.h">
      <Filter>Header Files</Filter>
    </ClInclude>
    <ClInclude Include="C:\Users\lewis\OneDrive - Edinburgh Napier University\Modules\Second Year\2 CG\set08116\labs\framework\lib\stb_image.h">
      <Filter>Header Files</Filter>
    </ClInclude>
    <ClInclude Include="C:\Users\lewis\OneDrive - Edinburgh Napier University\Modules\Second Year\2 CG\set08116\labs\framework\lib\stb_image_write.h">
      <Filter>Header Files</Filter>
    </ClInclude>
  </ItemGroup>
  <ItemGroup>
    <CustomBuild Include="C:\Users\lewis\OneDrive - Edinburgh Napier University\Modules\Second Year\2 CG\set08116\labs\framework\CMakeLists.txt" />
  </ItemGroup>
  <ItemGroup>
    <Filter Include="Header Files">
      <UniqueIdentifier>{C4880166-3759-3BB6-9F20-E3DC933A242A}</UniqueIdentifier>
    </Filter>
    <Filter Include="Source Files">
      <UniqueIdentifier>{27F52EEC-EB4D-31DE-AFE7-8D6E1BD47B2E}</UniqueIdentifier>
    </Filter>
  </ItemGroup>
</Project>
